// !$*UTF8*$!
{
	archiveVersion = 1;
	classes = {
	};
	objectVersion = 46;
	objects = {

/* Begin PBXBuildFile section */
		4AB20FEF1A38580600CAC535 /* Armv0.dae in Resources */ = {isa = PBXBuildFile; fileRef = 4AB20FEE1A38580600CAC535 /* Armv0.dae */; };
		4ACB519C1A25F22F003A0748 /* AppDelegate.swift in Sources */ = {isa = PBXBuildFile; fileRef = 4ACB519B1A25F22F003A0748 /* AppDelegate.swift */; };
		4ACB51A01A25F22F003A0748 /* GameViewController.swift in Sources */ = {isa = PBXBuildFile; fileRef = 4ACB519F1A25F22F003A0748 /* GameViewController.swift */; };
		4ACB51A31A25F22F003A0748 /* Main.storyboard in Resources */ = {isa = PBXBuildFile; fileRef = 4ACB51A11A25F22F003A0748 /* Main.storyboard */; };
		4ACB51A51A25F22F003A0748 /* Images.xcassets in Resources */ = {isa = PBXBuildFile; fileRef = 4ACB51A41A25F22F003A0748 /* Images.xcassets */; };
		4ACB51A81A25F22F003A0748 /* LaunchScreen.xib in Resources */ = {isa = PBXBuildFile; fileRef = 4ACB51A61A25F22F003A0748 /* LaunchScreen.xib */; };
		4ACB51B41A25F230003A0748 /* seminar2014Tests.swift in Sources */ = {isa = PBXBuildFile; fileRef = 4ACB51B31A25F230003A0748 /* seminar2014Tests.swift */; };
		4ACB51C61A25F349003A0748 /* Alamofire.framework in Frameworks */ = {isa = PBXBuildFile; fileRef = 4ACB51C31A25F32A003A0748 /* Alamofire.framework */; };
		4ACB51C81A25F3AF003A0748 /* Alamofire.framework in CopyFiles */ = {isa = PBXBuildFile; fileRef = 4ACB51C31A25F32A003A0748 /* Alamofire.framework */; settings = {ATTRIBUTES = (CodeSignOnCopy, RemoveHeadersOnCopy, ); }; };
		4ACB51CA1A25F48C003A0748 /* arrow@2x.png in Resources */ = {isa = PBXBuildFile; fileRef = 4ACB51C91A25F48C003A0748 /* arrow@2x.png */; };
		4AD693301A2EF6EC00CC7416 /* SRWebSocket.m in Sources */ = {isa = PBXBuildFile; fileRef = 4AD6932F1A2EF6EC00CC7416 /* SRWebSocket.m */; };
		4AD693331A2EF91700CC7416 /* libicucore.dylib in Frameworks */ = {isa = PBXBuildFile; fileRef = 4AD693321A2EF91700CC7416 /* libicucore.dylib */; };
		4AD693351A2EF91B00CC7416 /* CFNetwork.framework in Frameworks */ = {isa = PBXBuildFile; fileRef = 4AD693341A2EF91B00CC7416 /* CFNetwork.framework */; };
		4AD693371A2EF92F00CC7416 /* Security.framework in Frameworks */ = {isa = PBXBuildFile; fileRef = 4AD693361A2EF92F00CC7416 /* Security.framework */; };
		4AD693391A2EF93400CC7416 /* Foundation.framework in Frameworks */ = {isa = PBXBuildFile; fileRef = 4AD693381A2EF93400CC7416 /* Foundation.framework */; };
/* End PBXBuildFile section */

/* Begin PBXContainerItemProxy section */
		4ACB51AE1A25F230003A0748 /* PBXContainerItemProxy */ = {
			isa = PBXContainerItemProxy;
			containerPortal = 4ACB518E1A25F22F003A0748 /* Project object */;
			proxyType = 1;
			remoteGlobalIDString = 4ACB51951A25F22F003A0748;
			remoteInfo = seminar2014;
		};
		4ACB51C21A25F32A003A0748 /* PBXContainerItemProxy */ = {
			isa = PBXContainerItemProxy;
			containerPortal = 4ACB51BD1A25F32A003A0748 /* Alamofire.xcodeproj */;
			proxyType = 2;
			remoteGlobalIDString = F8111E3319A95C8B0040E7D1;
			remoteInfo = Alamofire;
		};
		4ACB51C41A25F32A003A0748 /* PBXContainerItemProxy */ = {
			isa = PBXContainerItemProxy;
			containerPortal = 4ACB51BD1A25F32A003A0748 /* Alamofire.xcodeproj */;
			proxyType = 2;
			remoteGlobalIDString = F8111E3E19A95C8B0040E7D1;
			remoteInfo = AlamofireTests;
		};
/* End PBXContainerItemProxy section */

/* Begin PBXCopyFilesBuildPhase section */
		4ACB51C71A25F3A7003A0748 /* CopyFiles */ = {
			isa = PBXCopyFilesBuildPhase;
			buildActionMask = 2147483647;
			dstPath = "";
			dstSubfolderSpec = 10;
			files = (
				4ACB51C81A25F3AF003A0748 /* Alamofire.framework in CopyFiles */,
			);
			runOnlyForDeploymentPostprocessing = 0;
		};
/* End PBXCopyFilesBuildPhase section */

/* Begin PBXFileReference section */
		4AB20FEE1A38580600CAC535 /* Armv0.dae */ = {isa = PBXFileReference; fileEncoding = 4; lastKnownFileType = text.xml.dae; path = Armv0.dae; sourceTree = "<group>"; };
		4ACB51961A25F22F003A0748 /* seminar2014.app */ = {isa = PBXFileReference; explicitFileType = wrapper.application; includeInIndex = 0; path = seminar2014.app; sourceTree = BUILT_PRODUCTS_DIR; };
		4ACB519A1A25F22F003A0748 /* Info.plist */ = {isa = PBXFileReference; lastKnownFileType = text.plist.xml; path = Info.plist; sourceTree = "<group>"; };
		4ACB519B1A25F22F003A0748 /* AppDelegate.swift */ = {isa = PBXFileReference; lastKnownFileType = sourcecode.swift; path = AppDelegate.swift; sourceTree = "<group>"; };
		4ACB519F1A25F22F003A0748 /* GameViewController.swift */ = {isa = PBXFileReference; lastKnownFileType = sourcecode.swift; path = GameViewController.swift; sourceTree = "<group>"; };
		4ACB51A21A25F22F003A0748 /* Base */ = {isa = PBXFileReference; lastKnownFileType = file.storyboard; name = Base; path = Base.lproj/Main.storyboard; sourceTree = "<group>"; };
		4ACB51A41A25F22F003A0748 /* Images.xcassets */ = {isa = PBXFileReference; lastKnownFileType = folder.assetcatalog; path = Images.xcassets; sourceTree = "<group>"; };
		4ACB51A71A25F22F003A0748 /* Base */ = {isa = PBXFileReference; lastKnownFileType = file.xib; name = Base; path = Base.lproj/LaunchScreen.xib; sourceTree = "<group>"; };
		4ACB51AD1A25F230003A0748 /* seminar2014Tests.xctest */ = {isa = PBXFileReference; explicitFileType = wrapper.cfbundle; includeInIndex = 0; path = seminar2014Tests.xctest; sourceTree = BUILT_PRODUCTS_DIR; };
		4ACB51B21A25F230003A0748 /* Info.plist */ = {isa = PBXFileReference; lastKnownFileType = text.plist.xml; path = Info.plist; sourceTree = "<group>"; };
		4ACB51B31A25F230003A0748 /* seminar2014Tests.swift */ = {isa = PBXFileReference; lastKnownFileType = sourcecode.swift; path = seminar2014Tests.swift; sourceTree = "<group>"; };
		4ACB51BD1A25F32A003A0748 /* Alamofire.xcodeproj */ = {isa = PBXFileReference; lastKnownFileType = "wrapper.pb-project"; name = Alamofire.xcodeproj; path = Alamofire/Alamofire.xcodeproj; sourceTree = "<group>"; };
		4ACB51C91A25F48C003A0748 /* arrow@2x.png */ = {isa = PBXFileReference; lastKnownFileType = image.png; path = "arrow@2x.png"; sourceTree = "<group>"; };
		4AD6932D1A2EF6EC00CC7416 /* SocketRocket-Prefix.pch */ = {isa = PBXFileReference; fileEncoding = 4; lastKnownFileType = sourcecode.c.h; path = "SocketRocket-Prefix.pch"; sourceTree = "<group>"; };
		4AD6932E1A2EF6EC00CC7416 /* SRWebSocket.h */ = {isa = PBXFileReference; fileEncoding = 4; lastKnownFileType = sourcecode.c.h; path = SRWebSocket.h; sourceTree = "<group>"; };
		4AD6932F1A2EF6EC00CC7416 /* SRWebSocket.m */ = {isa = PBXFileReference; fileEncoding = 4; lastKnownFileType = sourcecode.c.objc; path = SRWebSocket.m; sourceTree = "<group>"; };
		4AD693311A2EF70600CC7416 /* seminar2014-Bridging-Header.h */ = {isa = PBXFileReference; lastKnownFileType = sourcecode.c.h; path = "seminar2014-Bridging-Header.h"; sourceTree = "<group>"; };
		4AD693321A2EF91700CC7416 /* libicucore.dylib */ = {isa = PBXFileReference; lastKnownFileType = "compiled.mach-o.dylib"; name = libicucore.dylib; path = usr/lib/libicucore.dylib; sourceTree = SDKROOT; };
		4AD693341A2EF91B00CC7416 /* CFNetwork.framework */ = {isa = PBXFileReference; lastKnownFileType = wrapper.framework; name = CFNetwork.framework; path = System/Library/Frameworks/CFNetwork.framework; sourceTree = SDKROOT; };
		4AD693361A2EF92F00CC7416 /* Security.framework */ = {isa = PBXFileReference; lastKnownFileType = wrapper.framework; name = Security.framework; path = System/Library/Frameworks/Security.framework; sourceTree = SDKROOT; };
		4AD693381A2EF93400CC7416 /* Foundation.framework */ = {isa = PBXFileReference; lastKnownFileType = wrapper.framework; name = Foundation.framework; path = System/Library/Frameworks/Foundation.framework; sourceTree = SDKROOT; };
/* End PBXFileReference section */

/* Begin PBXFrameworksBuildPhase section */
		4ACB51931A25F22F003A0748 /* Frameworks */ = {
			isa = PBXFrameworksBuildPhase;
			buildActionMask = 2147483647;
			files = (
				4AD693391A2EF93400CC7416 /* Foundation.framework in Frameworks */,
				4AD693371A2EF92F00CC7416 /* Security.framework in Frameworks */,
				4AD693351A2EF91B00CC7416 /* CFNetwork.framework in Frameworks */,
				4AD693331A2EF91700CC7416 /* libicucore.dylib in Frameworks */,
				4ACB51C61A25F349003A0748 /* Alamofire.framework in Frameworks */,
			);
			runOnlyForDeploymentPostprocessing = 0;
		};
		4ACB51AA1A25F230003A0748 /* Frameworks */ = {
			isa = PBXFrameworksBuildPhase;
			buildActionMask = 2147483647;
			files = (
			);
			runOnlyForDeploymentPostprocessing = 0;
		};
/* End PBXFrameworksBuildPhase section */

/* Begin PBXGroup section */
		4ACB518D1A25F22F003A0748 = {
			isa = PBXGroup;
			children = (
				4AD693381A2EF93400CC7416 /* Foundation.framework */,
				4AD693361A2EF92F00CC7416 /* Security.framework */,
				4AD693341A2EF91B00CC7416 /* CFNetwork.framework */,
				4AD693321A2EF91700CC7416 /* libicucore.dylib */,
				4ACB51BD1A25F32A003A0748 /* Alamofire.xcodeproj */,
				4ACB51981A25F22F003A0748 /* seminar2014 */,
				4ACB51B01A25F230003A0748 /* seminar2014Tests */,
				4ACB51971A25F22F003A0748 /* Products */,
			);
			sourceTree = "<group>";
		};
		4ACB51971A25F22F003A0748 /* Products */ = {
			isa = PBXGroup;
			children = (
				4ACB51961A25F22F003A0748 /* seminar2014.app */,
				4ACB51AD1A25F230003A0748 /* seminar2014Tests.xctest */,
			);
			name = Products;
			sourceTree = "<group>";
		};
		4ACB51981A25F22F003A0748 /* seminar2014 */ = {
			isa = PBXGroup;
			children = (
				4AD6932C1A2EF6EC00CC7416 /* SocketRocket */,
				4ACB519B1A25F22F003A0748 /* AppDelegate.swift */,
				4ACB519F1A25F22F003A0748 /* GameViewController.swift */,
				4ACB51A11A25F22F003A0748 /* Main.storyboard */,
				4ACB51A41A25F22F003A0748 /* Images.xcassets */,
				4ACB51C91A25F48C003A0748 /* arrow@2x.png */,
				4AB20FEE1A38580600CAC535 /* Armv0.dae */,
				4ACB51A61A25F22F003A0748 /* LaunchScreen.xib */,
				4ACB51991A25F22F003A0748 /* Supporting Files */,
				4AD693311A2EF70600CC7416 /* seminar2014-Bridging-Header.h */,
			);
			path = seminar2014;
			sourceTree = "<group>";
		};
		4ACB51991A25F22F003A0748 /* Supporting Files */ = {
			isa = PBXGroup;
			children = (
				4ACB519A1A25F22F003A0748 /* Info.plist */,
			);
			name = "Supporting Files";
			sourceTree = "<group>";
		};
		4ACB51B01A25F230003A0748 /* seminar2014Tests */ = {
			isa = PBXGroup;
			children = (
				4ACB51B31A25F230003A0748 /* seminar2014Tests.swift */,
				4ACB51B11A25F230003A0748 /* Supporting Files */,
			);
			path = seminar2014Tests;
			sourceTree = "<group>";
		};
		4ACB51B11A25F230003A0748 /* Supporting Files */ = {
			isa = PBXGroup;
			children = (
				4ACB51B21A25F230003A0748 /* Info.plist */,
			);
			name = "Supporting Files";
			sourceTree = "<group>";
		};
		4ACB51BE1A25F32A003A0748 /* Products */ = {
			isa = PBXGroup;
			children = (
				4ACB51C31A25F32A003A0748 /* Alamofire.framework */,
				4ACB51C51A25F32A003A0748 /* AlamofireTests.xctest */,
			);
			name = Products;
			sourceTree = "<group>";
		};
		4AD6932C1A2EF6EC00CC7416 /* SocketRocket */ = {
			isa = PBXGroup;
			children = (
				4AD6932D1A2EF6EC00CC7416 /* SocketRocket-Prefix.pch */,
				4AD6932E1A2EF6EC00CC7416 /* SRWebSocket.h */,
				4AD6932F1A2EF6EC00CC7416 /* SRWebSocket.m */,
			);
			path = SocketRocket;
			sourceTree = "<group>";
		};
/* End PBXGroup section */

/* Begin PBXNativeTarget section */
		4ACB51951A25F22F003A0748 /* seminar2014 */ = {
			isa = PBXNativeTarget;
			buildConfigurationList = 4ACB51B71A25F230003A0748 /* Build configuration list for PBXNativeTarget "seminar2014" */;
			buildPhases = (
				4ACB51921A25F22F003A0748 /* Sources */,
				4ACB51931A25F22F003A0748 /* Frameworks */,
				4ACB51941A25F22F003A0748 /* Resources */,
				4ACB51C71A25F3A7003A0748 /* CopyFiles */,
			);
			buildRules = (
			);
			dependencies = (
			);
			name = seminar2014;
			productName = seminar2014;
			productReference = 4ACB51961A25F22F003A0748 /* seminar2014.app */;
			productType = "com.apple.product-type.application";
		};
		4ACB51AC1A25F230003A0748 /* seminar2014Tests */ = {
			isa = PBXNativeTarget;
			buildConfigurationList = 4ACB51BA1A25F230003A0748 /* Build configuration list for PBXNativeTarget "seminar2014Tests" */;
			buildPhases = (
				4ACB51A91A25F230003A0748 /* Sources */,
				4ACB51AA1A25F230003A0748 /* Frameworks */,
				4ACB51AB1A25F230003A0748 /* Resources */,
			);
			buildRules = (
			);
			dependencies = (
				4ACB51AF1A25F230003A0748 /* PBXTargetDependency */,
			);
			name = seminar2014Tests;
			productName = seminar2014Tests;
			productReference = 4ACB51AD1A25F230003A0748 /* seminar2014Tests.xctest */;
			productType = "com.apple.product-type.bundle.unit-test";
		};
/* End PBXNativeTarget section */

/* Begin PBXProject section */
		4ACB518E1A25F22F003A0748 /* Project object */ = {
			isa = PBXProject;
			attributes = {
				LastUpgradeCheck = 0610;
				ORGANIZATIONNAME = "Ken Tominaga";
				TargetAttributes = {
					4ACB51951A25F22F003A0748 = {
						CreatedOnToolsVersion = 6.1;
					};
					4ACB51AC1A25F230003A0748 = {
						CreatedOnToolsVersion = 6.1;
						TestTargetID = 4ACB51951A25F22F003A0748;
					};
				};
			};
			buildConfigurationList = 4ACB51911A25F22F003A0748 /* Build configuration list for PBXProject "seminar2014" */;
			compatibilityVersion = "Xcode 3.2";
			developmentRegion = English;
			hasScannedForEncodings = 0;
			knownRegions = (
				en,
				Base,
			);
			mainGroup = 4ACB518D1A25F22F003A0748;
			productRefGroup = 4ACB51971A25F22F003A0748 /* Products */;
			projectDirPath = "";
			projectReferences = (
				{
					ProductGroup = 4ACB51BE1A25F32A003A0748 /* Products */;
					ProjectRef = 4ACB51BD1A25F32A003A0748 /* Alamofire.xcodeproj */;
				},
			);
			projectRoot = "";
			targets = (
				4ACB51951A25F22F003A0748 /* seminar2014 */,
				4ACB51AC1A25F230003A0748 /* seminar2014Tests */,
			);
		};
/* End PBXProject section */

/* Begin PBXReferenceProxy section */
		4ACB51C31A25F32A003A0748 /* Alamofire.framework */ = {
			isa = PBXReferenceProxy;
			fileType = wrapper.framework;
			path = Alamofire.framework;
			remoteRef = 4ACB51C21A25F32A003A0748 /* PBXContainerItemProxy */;
			sourceTree = BUILT_PRODUCTS_DIR;
		};
		4ACB51C51A25F32A003A0748 /* AlamofireTests.xctest */ = {
			isa = PBXReferenceProxy;
			fileType = wrapper.cfbundle;
			path = AlamofireTests.xctest;
			remoteRef = 4ACB51C41A25F32A003A0748 /* PBXContainerItemProxy */;
			sourceTree = BUILT_PRODUCTS_DIR;
		};
/* End PBXReferenceProxy section */

/* Begin PBXResourcesBuildPhase section */
		4ACB51941A25F22F003A0748 /* Resources */ = {
			isa = PBXResourcesBuildPhase;
			buildActionMask = 2147483647;
			files = (
				4ACB51CA1A25F48C003A0748 /* arrow@2x.png in Resources */,
				4ACB51A81A25F22F003A0748 /* LaunchScreen.xib in Resources */,
				4ACB51A51A25F22F003A0748 /* Images.xcassets in Resources */,
				4ACB51A31A25F22F003A0748 /* Main.storyboard in Resources */,
				4AB20FEF1A38580600CAC535 /* Armv0.dae in Resources */,
			);
			runOnlyForDeploymentPostprocessing = 0;
		};
		4ACB51AB1A25F230003A0748 /* Resources */ = {
			isa = PBXResourcesBuildPhase;
			buildActionMask = 2147483647;
			files = (
			);
			runOnlyForDeploymentPostprocessing = 0;
		};
/* End PBXResourcesBuildPhase section */

/* Begin PBXSourcesBuildPhase section */
		4ACB51921A25F22F003A0748 /* Sources */ = {
			isa = PBXSourcesBuildPhase;
			buildActionMask = 2147483647;
			files = (
				4AD693301A2EF6EC00CC7416 /* SRWebSocket.m in Sources */,
				4ACB51A01A25F22F003A0748 /* GameViewController.swift in Sources */,
				4ACB519C1A25F22F003A0748 /* AppDelegate.swift in Sources */,
			);
			runOnlyForDeploymentPostprocessing = 0;
		};
		4ACB51A91A25F230003A0748 /* Sources */ = {
			isa = PBXSourcesBuildPhase;
			buildActionMask = 2147483647;
			files = (
				4ACB51B41A25F230003A0748 /* seminar2014Tests.swift in Sources */,
			);
			runOnlyForDeploymentPostprocessing = 0;
		};
/* End PBXSourcesBuildPhase section */

/* Begin PBXTargetDependency section */
		4ACB51AF1A25F230003A0748 /* PBXTargetDependency */ = {
			isa = PBXTargetDependency;
			target = 4ACB51951A25F22F003A0748 /* seminar2014 */;
			targetProxy = 4ACB51AE1A25F230003A0748 /* PBXContainerItemProxy */;
		};
/* End PBXTargetDependency section */

/* Begin PBXVariantGroup section */
		4ACB51A11A25F22F003A0748 /* Main.storyboard */ = {
			isa = PBXVariantGroup;
			children = (
				4ACB51A21A25F22F003A0748 /* Base */,
			);
			name = Main.storyboard;
			sourceTree = "<group>";
		};
		4ACB51A61A25F22F003A0748 /* LaunchScreen.xib */ = {
			isa = PBXVariantGroup;
			children = (
				4ACB51A71A25F22F003A0748 /* Base */,
			);
			name = LaunchScreen.xib;
			sourceTree = "<group>";
		};
/* End PBXVariantGroup section */

/* Begin XCBuildConfiguration section */
		4ACB51B51A25F230003A0748 /* Debug */ = {
			isa = XCBuildConfiguration;
			buildSettings = {
				ALWAYS_SEARCH_USER_PATHS = NO;
				CLANG_CXX_LANGUAGE_STANDARD = "gnu++0x";
				CLANG_CXX_LIBRARY = "libc++";
				CLANG_ENABLE_MODULES = YES;
				CLANG_ENABLE_OBJC_ARC = YES;
				CLANG_WARN_BOOL_CONVERSION = YES;
				CLANG_WARN_CONSTANT_CONVERSION = YES;
				CLANG_WARN_DIRECT_OBJC_ISA_USAGE = YES_ERROR;
				CLANG_WARN_EMPTY_BODY = YES;
				CLANG_WARN_ENUM_CONVERSION = YES;
				CLANG_WARN_INT_CONVERSION = YES;
				CLANG_WARN_OBJC_ROOT_CLASS = YES_ERROR;
				CLANG_WARN_UNREACHABLE_CODE = YES;
				CLANG_WARN__DUPLICATE_METHOD_MATCH = YES;
				"CODE_SIGN_IDENTITY[sdk=iphoneos*]" = "iPhone Developer";
				COPY_PHASE_STRIP = NO;
				ENABLE_STRICT_OBJC_MSGSEND = YES;
				GCC_C_LANGUAGE_STANDARD = gnu99;
				GCC_DYNAMIC_NO_PIC = NO;
				GCC_OPTIMIZATION_LEVEL = 0;
				GCC_PREPROCESSOR_DEFINITIONS = (
					"DEBUG=1",
					"$(inherited)",
				);
				GCC_SYMBOLS_PRIVATE_EXTERN = NO;
				GCC_WARN_64_TO_32_BIT_CONVERSION = YES;
				GCC_WARN_ABOUT_RETURN_TYPE = YES_ERROR;
				GCC_WARN_UNDECLARED_SELECTOR = YES;
				GCC_WARN_UNINITIALIZED_AUTOS = YES_AGGRESSIVE;
				GCC_WARN_UNUSED_FUNCTION = YES;
				GCC_WARN_UNUSED_VARIABLE = YES;
				IPHONEOS_DEPLOYMENT_TARGET = 8.1;
				MTL_ENABLE_DEBUG_INFO = YES;
				ONLY_ACTIVE_ARCH = YES;
				SDKROOT = iphoneos;
				SWIFT_OPTIMIZATION_LEVEL = "-Onone";
			};
			name = Debug;
		};
		4ACB51B61A25F230003A0748 /* Release */ = {
			isa = XCBuildConfiguration;
			buildSettings = {
				ALWAYS_SEARCH_USER_PATHS = NO;
				CLANG_CXX_LANGUAGE_STANDARD = "gnu++0x";
				CLANG_CXX_LIBRARY = "libc++";
				CLANG_ENABLE_MODULES = YES;
				CLANG_ENABLE_OBJC_ARC = YES;
				CLANG_WARN_BOOL_CONVERSION = YES;
				CLANG_WARN_CONSTANT_CONVERSION = YES;
				CLANG_WARN_DIRECT_OBJC_ISA_USAGE = YES_ERROR;
				CLANG_WARN_EMPTY_BODY = YES;
				CLANG_WARN_ENUM_CONVERSION = YES;
				CLANG_WARN_INT_CONVERSION = YES;
				CLANG_WARN_OBJC_ROOT_CLASS = YES_ERROR;
				CLANG_WARN_UNREACHABLE_CODE = YES;
				CLANG_WARN__DUPLICATE_METHOD_MATCH = YES;
				"CODE_SIGN_IDENTITY[sdk=iphoneos*]" = "iPhone Developer";
				COPY_PHASE_STRIP = YES;
				ENABLE_NS_ASSERTIONS = NO;
				ENABLE_STRICT_OBJC_MSGSEND = YES;
				GCC_C_LANGUAGE_STANDARD = gnu99;
				GCC_WARN_64_TO_32_BIT_CONVERSION = YES;
				GCC_WARN_ABOUT_RETURN_TYPE = YES_ERROR;
				GCC_WARN_UNDECLARED_SELECTOR = YES;
				GCC_WARN_UNINITIALIZED_AUTOS = YES_AGGRESSIVE;
				GCC_WARN_UNUSED_FUNCTION = YES;
				GCC_WARN_UNUSED_VARIABLE = YES;
				IPHONEOS_DEPLOYMENT_TARGET = 8.1;
				MTL_ENABLE_DEBUG_INFO = NO;
				SDKROOT = iphoneos;
				VALIDATE_PRODUCT = YES;
			};
			name = Release;
		};
		4ACB51B81A25F230003A0748 /* Debug */ = {
			isa = XCBuildConfiguration;
			buildSettings = {
				ASSETCATALOG_COMPILER_APPICON_NAME = AppIcon;
				ASSETCATALOG_COMPILER_LAUNCHIMAGE_NAME = LaunchImage;
				INFOPLIST_FILE = seminar2014/Info.plist;
				LD_RUNPATH_SEARCH_PATHS = "$(inherited) @executable_path/Frameworks";
				PRODUCT_NAME = "$(TARGET_NAME)";
				SWIFT_OBJC_BRIDGING_HEADER = "seminar2014/seminar2014-Bridging-Header.h";
			};
			name = Debug;
		};
		4ACB51B91A25F230003A0748 /* Release */ = {
			isa = XCBuildConfiguration;
			buildSettings = {
				ASSETCATALOG_COMPILER_APPICON_NAME = AppIcon;
				ASSETCATALOG_COMPILER_LAUNCHIMAGE_NAME = LaunchImage;
				INFOPLIST_FILE = seminar2014/Info.plist;
				LD_RUNPATH_SEARCH_PATHS = "$(inherited) @executable_path/Frameworks";
				PRODUCT_NAME = "$(TARGET_NAME)";
				SWIFT_OBJC_BRIDGING_HEADER = "seminar2014/seminar2014-Bridging-Header.h";
			};
			name = Release;
		};
		4ACB51BB1A25F230003A0748 /* Debug */ = {
			isa = XCBuildConfiguration;
			buildSettings = {
				BUNDLE_LOADER = "$(TEST_HOST)";
				FRAMEWORK_SEARCH_PATHS = (
					"$(SDKROOT)/Developer/Library/Frameworks",
					"$(inherited)",
				);
				GCC_PREPROCESSOR_DEFINITIONS = (
					"DEBUG=1",
					"$(inherited)",
				);
				INFOPLIST_FILE = seminar2014Tests/Info.plist;
				LD_RUNPATH_SEARCH_PATHS = "$(inherited) @executable_path/Frameworks @loader_path/Frameworks";
				PRODUCT_NAME = "$(TARGET_NAME)";
				TEST_HOST = "$(BUILT_PRODUCTS_DIR)/seminar2014.app/seminar2014";
			};
			name = Debug;
		};
		4ACB51BC1A25F230003A0748 /* Release */ = {
			isa = XCBuildConfiguration;
			buildSettings = {
				BUNDLE_LOADER = "$(TEST_HOST)";
				FRAMEWORK_SEARCH_PATHS = (
					"$(SDKROOT)/Developer/Library/Frameworks",
					"$(inherited)",
				);
				INFOPLIST_FILE = seminar2014Tests/Info.plist;
				LD_RUNPATH_SEARCH_PATHS = "$(inherited) @executable_path/Frameworks @loader_path/Frameworks";
				PRODUCT_NAME = "$(TARGET_NAME)";
				TEST_HOST = "$(BUILT_PRODUCTS_DIR)/seminar2014.app/seminar2014";
			};
			name = Release;
		};
/* End XCBuildConfiguration section */

/* Begin XCConfigurationList section */
		4ACB51911A25F22F003A0748 /* Build configuration list for PBXProject "seminar2014" */ = {
			isa = XCConfigurationList;
			buildConfigurations = (
				4ACB51B51A25F230003A0748 /* Debug */,
				4ACB51B61A25F230003A0748 /* Release */,
			);
			defaultConfigurationIsVisible = 0;
			defaultConfigurationName = Release;
		};
		4ACB51B71A25F230003A0748 /* Build configuration list for PBXNativeTarget "seminar2014" */ = {
			isa = XCConfigurationList;
			buildConfigurations = (
				4ACB51B81A25F230003A0748 /* Debug */,
				4ACB51B91A25F230003A0748 /* Release */,
			);
			defaultConfigurationIsVisible = 0;
			defaultConfigurationName = Release;
		};
		4ACB51BA1A25F230003A0748 /* Build configuration list for PBXNativeTarget "seminar2014Tests" */ = {
			isa = XCConfigurationList;
			buildConfigurations = (
				4ACB51BB1A25F230003A0748 /* Debug */,
				4ACB51BC1A25F230003A0748 /* Release */,
			);
			defaultConfigurationIsVisible = 0;
			defaultConfigurationName = Release;
		};
/* End XCConfigurationList section */
	};
	rootObject = 4ACB518E1A25F22F003A0748 /* Project object */;
}
